
Microsoft Visual Studio Solution File, Format Version 12.00
# Visual Studio Version 16
VisualStudioVersion = 16.0.31019.35
MinimumVisualStudioVersion = 10.0.40219.1
Project("{9A19103F-16F7-4668-BE54-9A1E7A4F7556}") = "ArcticProblem1", "ArcticProblem1\ArcticProblem1.csproj", "{F5D2E44E-1D59-4C9E-8464-466B03416DF7}"
EndProject
Project("{9A19103F-16F7-4668-BE54-9A1E7A4F7556}") = "ThreadPoolLibrary", "ThreadPoolLibrary\ThreadPoolLibrary.csproj", "{9737F7B7-5304-4F03-B5A1-3C88E0B4957B}"
EndProject
Project("{9A19103F-16F7-4668-BE54-9A1E7A4F7556}") = "ThreadPoolTests", "ThreadPoolTests\ThreadPoolTests.csproj", "{DB4E0231-307D-41C3-877C-3993E9D94167}"
EndProject
Project("{FAE04EC0-301F-11D3-BF4B-00C04F79EFBC}") = "ArcticProblem1Tests", "ArcticProblem1Tests\ArcticProblem1Tests.csproj", "{DF66A392-6BE7-4DD0-97B6-693A0F835AD6}"
EndProject
Global
	GlobalSection(SolutionConfigurationPlatforms) = preSolution
		Debug|Any CPU = Debug|Any CPU
		Release|Any CPU = Release|Any CPU
	EndGlobalSection
	GlobalSection(ProjectConfigurationPlatforms) = postSolution
		{F5D2E44E-1D59-4C9E-8464-466B03416DF7}.Debug|Any CPU.ActiveCfg = Debug|Any CPU
		{F5D2E44E-1D59-4C9E-8464-466B03416DF7}.Debug|Any CPU.Build.0 = Debug|Any CPU
		{F5D2E44E-1D59-4C9E-8464-466B03416DF7}.Release|Any CPU.ActiveCfg = Release|Any CPU
		{F5D2E44E-1D59-4C9E-8464-466B03416DF7}.Release|Any CPU.Build.0 = Release|Any CPU
		{9737F7B7-5304-4F03-B5A1-3C88E0B4957B}.Debug|Any CPU.ActiveCfg = Debug|Any CPU
		{9737F7B7-5304-4F03-B5A1-3C88E0B4957B}.Debug|Any CPU.Build.0 = Debug|Any CPU
		{9737F7B7-5304-4F03-B5A1-3C88E0B4957B}.Release|Any CPU.ActiveCfg = Release|Any CPU
		{9737F7B7-5304-4F03-B5A1-3C88E0B4957B}.Release|Any CPU.Build.0 = Release|Any CPU
		{DB4E0231-307D-41C3-877C-3993E9D94167}.Debug|Any CPU.ActiveCfg = Debug|Any CPU
		{DB4E0231-307D-41C3-877C-3993E9D94167}.Debug|Any CPU.Build.0 = Debug|Any CPU
		{DB4E0231-307D-41C3-877C-3993E9D94167}.Release|Any CPU.ActiveCfg = Release|Any CPU
		{DB4E0231-307D-41C3-877C-3993E9D94167}.Release|Any CPU.Build.0 = Release|Any CPU
		{DF66A392-6BE7-4DD0-97B6-693A0F835AD6}.Debug|Any CPU.ActiveCfg = Debug|Any CPU
		{DF66A392-6BE7-4DD0-97B6-693A0F835AD6}.Debug|Any CPU.Build.0 = Debug|Any CPU
		{DF66A392-6BE7-4DD0-97B6-693A0F835AD6}.Release|Any CPU.ActiveCfg = Release|Any CPU
		{DF66A392-6BE7-4DD0-97B6-693A0F835AD6}.Release|Any CPU.Build.0 = Release|Any CPU
	EndGlobalSection
	GlobalSection(SolutionProperties) = preSolution
		HideSolutionNode = FALSE
	EndGlobalSection
	GlobalSection(ExtensibilityGlobals) = postSolution
		SolutionGuid = {7DE4343C-6BE2-46ED-AD3C-9B461C61A434}
	EndGlobalSection
EndGlobal
